# THIS IS AN AUTOGENERATED FILE. DO NOT EDIT THIS FILE DIRECTLY.
# yarn lockfile v1
array-union@^1.0.1:
  version "1.0.2"
  resolved "https://registry.yarnpkg.com/array-union/-/array-union-1.0.2.tgz#9a34410e4f4e3da23dea375be5be70f24778ec39"
  dependencies:
    array-uniq "^1.0.1"

array-uniq@^1.0.1:
  version "1.0.3"
  resolved "https://registry.yarnpkg.com/array-uniq/-/array-uniq-1.0.3.tgz#af6ac877a25cc7f74e058894753858dfdb24fdb6"

arrify@^1.0.0:
  version "1.0.1"
  resolved "https://registry.yarnpkg.com/arrify/-/arrify-1.0.1.tgz#898508da2226f380df904728456849c1501a4b0d"

async@1.5.2:
  version "1.5.2"
  resolved "https://registry.yarnpkg.com/async/-/async-1.5.2.tgz#ec6a61ae56480c0c3cb241c95618e20892f9672a"

balanced-match@^0.4.1:
  version "0.4.2"
  resolved "https://registry.yarnpkg.com/balanced-match/-/balanced-match-0.4.2.tgz#cb3f3e3c732dc0f01ee70b403f302e61d7709838"

brace-expansion@^1.0.0:
  version "1.1.6"
  resolved "https://registry.yarnpkg.com/brace-expansion/-/brace-expansion-1.1.6.tgz#7197d7eaa9b87e648390ea61fc66c84427420df9"
  dependencies:
    balanced-match "^0.4.1"
    concat-map "0.0.1"

collections@^0.2.0:
  version "0.2.2"
  resolved "https://registry.yarnpkg.com/collections/-/collections-0.2.2.tgz#1f23026b2ef36f927eecc901e99c5f0d48fa334e"
  dependencies:
    weak-map "1.0.0"

commander@2.9.0:
  version "2.9.0"
  resolved "https://registry.yarnpkg.com/commander/-/commander-2.9.0.tgz#9c99094176e12240cb22d6c5146098400fe0f7d4"
  dependencies:
    graceful-readlink ">= 1.0.0"

concat-map@0.0.1:
  version "0.0.1"
  resolved "https://registry.yarnpkg.com/concat-map/-/concat-map-0.0.1.tgz#d8a96bd77fd68df7793a73036a3ba0d5405d477b"

eva.js@^0.3.3:
  version "0.3.3"
  resolved "https://registry.yarnpkg.com/eva.js/-/eva.js-0.3.3.tgz#b13cb94c7e1f5b1b479ea2e166b3c8b907ad1693"
  dependencies:
    object-assign "^4.1.0"
    vue "^2.0.1"
    vue-router "^2.0.0"
    vuex "^2.0.0"

gh-pages@^0.11.0:
  version "0.11.0"
  resolved "https://registry.yarnpkg.com/gh-pages/-/gh-pages-0.11.0.tgz#93313c6dcbfc74d426bc89a29ebff6420acc3c1b"
  dependencies:
    async "1.5.2"
    commander "2.9.0"
    globby "^4.0.0"
    graceful-fs "4.1.2"
    q "1.4.1"
    q-io "1.13.2"
    wrench "1.5.8"

glob@^6.0.1:
  version "6.0.4"
  resolved "https://registry.yarnpkg.com/glob/-/glob-6.0.4.tgz#0f08860f6a155127b2fadd4f9ce24b1aab6e4d22"
  dependencies:
    inflight "^1.0.4"
    inherits "2"
    minimatch "2 || 3"
    once "^1.3.0"
    path-is-absolute "^1.0.0"

globby@^4.0.0:
  version "4.1.0"
  resolved "https://registry.yarnpkg.com/globby/-/globby-4.1.0.tgz#080f54549ec1b82a6c60e631fc82e1211dbe95f8"
  dependencies:
    array-union "^1.0.1"
    arrify "^1.0.0"
    glob "^6.0.1"
    object-assign "^4.0.1"
    pify "^2.0.0"
    pinkie-promise "^2.0.0"

graceful-fs@4.1.2:
  version "4.1.2"
  resolved "https://registry.yarnpkg.com/graceful-fs/-/graceful-fs-4.1.2.tgz#fe2239b7574972e67e41f808823f9bfa4a991e37"

"graceful-readlink@>= 1.0.0":
  version "1.0.1"
  resolved "https://registry.yarnpkg.com/graceful-readlink/-/graceful-readlink-1.0.1.tgz#4cafad76bc62f02fa039b2f94e9a3dd3a391a725"

highlight.js@^9.7.0:
  version "9.7.0"
  resolved "https://registry.yarnpkg.com/highlight.js/-/highlight.js-9.7.0.tgz#e7a926bf3079c65b2ae50314878e456a009b4aac"

in-view@^0.4.3:
  version "0.4.3"
  resolved "https://registry.yarnpkg.com/in-view/-/in-view-0.4.3.tgz#0c07a526e37cddd6341ee40b06b8b2c881232db2"
  dependencies:
    lodash "^4.15.0"

inflight@^1.0.4:
  version "1.0.6"
  resolved "https://registry.yarnpkg.com/inflight/-/inflight-1.0.6.tgz#49bd6331d7d02d0c09bc910a1075ba8165b56df9"
  dependencies:
    once "^1.3.0"
    wrappy "1"

inherits@2:
  version "2.0.3"
  resolved "https://registry.yarnpkg.com/inherits/-/inherits-2.0.3.tgz#633c2c83e3da42a502f52466022480f4208261de"

jump.js@^1.0.1:
  version "1.0.1"
  resolved "https://registry.yarnpkg.com/jump.js/-/jump.js-1.0.1.tgz#0de2b1631ba9a1c2c6b8572ad277d877e8503600"

lodash._arraycopy@^3.0.0:
  version "3.0.0"
  resolved "https://registry.yarnpkg.com/lodash._arraycopy/-/lodash._arraycopy-3.0.0.tgz#76e7b7c1f1fb92547374878a562ed06a3e50f6e1"

lodash._arrayeach@^3.0.0:
  version "3.0.0"
  resolved "https://registry.yarnpkg.com/lodash._arrayeach/-/lodash._arrayeach-3.0.0.tgz#bab156b2a90d3f1bbd5c653403349e5e5933ef9e"

lodash._basecallback@^3.0.0:
  version "3.3.1"
  resolved "https://registry.yarnpkg.com/lodash._basecallback/-/lodash._basecallback-3.3.1.tgz#b7b2bb43dc2160424a21ccf26c57e443772a8e27"
  dependencies:
    lodash._baseisequal "^3.0.0"
    lodash._bindcallback "^3.0.0"
    lodash.isarray "^3.0.0"
    lodash.pairs "^3.0.0"

lodash._basecopy@^3.0.0:
  version "3.0.1"
  resolved "https://registry.yarnpkg.com/lodash._basecopy/-/lodash._basecopy-3.0.1.tgz#8da0e6a876cf344c0ad8a54882111dd3c5c7ca36"

lodash._baseeach@^3.0.0:
  version "3.0.4"
  resolved "https://registry.yarnpkg.com/lodash._baseeach/-/lodash._baseeach-3.0.4.tgz#cf8706572ca144e8d9d75227c990da982f932af3"
  dependencies:
    lodash.keys "^3.0.0"

lodash._basefind@^3.0.0:
  version "3.0.0"
  resolved "https://registry.yarnpkg.com/lodash._basefind/-/lodash._basefind-3.0.0.tgz#b2bba05cc645f972de2cf925fa2bf63a0f60c8ae"

lodash._basefindindex@^3.0.0:
  version "3.6.0"
  resolved "https://registry.yarnpkg.com/lodash._basefindindex/-/lodash._basefindindex-3.6.0.tgz#f083360a1b022418ed81bc899beb312e21e74a4f"

lodash._basefor@^3.0.0:
  version "3.0.3"
  resolved "https://registry.yarnpkg.com/lodash._basefor/-/lodash._basefor-3.0.3.tgz#7550b4e9218ef09fad24343b612021c79b4c20c2"

lodash._baseisequal@^3.0.0:
  version "3.0.7"
  resolved "https://registry.yarnpkg.com/lodash._baseisequal/-/lodash._baseisequal-3.0.7.tgz#d8025f76339d29342767dcc887ce5cb95a5b51f1"
  dependencies:
    lodash.isarray "^3.0.0"
    lodash.istypedarray "^3.0.0"
    lodash.keys "^3.0.0"

lodash._bindcallback@^3.0.0:
  version "3.0.1"
  resolved "https://registry.yarnpkg.com/lodash._bindcallback/-/lodash._bindcallback-3.0.1.tgz#e531c27644cf8b57a99e17ed95b35c748789392e"

lodash._createassigner@^3.0.0:
  version "3.1.1"
  resolved "https://registry.yarnpkg.com/lodash._createassigner/-/lodash._createassigner-3.1.1.tgz#838a5bae2fdaca63ac22dee8e19fa4e6d6970b11"
  dependencies:
    lodash._bindcallback "^3.0.0"
    lodash._isiterateecall "^3.0.0"
    lodash.restparam "^3.0.0"

lodash._getnative@^3.0.0:
  version "3.9.1"
  resolved "https://registry.yarnpkg.com/lodash._getnative/-/lodash._getnative-3.9.1.tgz#570bc7dede46d61cdcde687d65d3eecbaa3aaff5"

lodash._isiterateecall@^3.0.0:
  version "3.0.9"
  resolved "https://registry.yarnpkg.com/lodash._isiterateecall/-/lodash._isiterateecall-3.0.9.tgz#5203ad7ba425fae842460e696db9cf3e6aac057c"

lodash.find@^3.2.1:
  version "3.2.1"
  resolved "https://registry.yarnpkg.com/lodash.find/-/lodash.find-3.2.1.tgz#046e319f3ace912ac6c9246c7f683c5ec07b36ad"
  dependencies:
    lodash._basecallback "^3.0.0"
    lodash._baseeach "^3.0.0"
    lodash._basefind "^3.0.0"
    lodash._basefindindex "^3.0.0"
    lodash.isarray "^3.0.0"
    lodash.keys "^3.0.0"

lodash.isarguments@^3.0.0:
  version "3.1.0"
  resolved "https://registry.yarnpkg.com/lodash.isarguments/-/lodash.isarguments-3.1.0.tgz#2f573d85c6a24289ff00663b491c1d338ff3458a"

lodash.isarray@^3.0.0:
  version "3.0.4"
  resolved "https://registry.yarnpkg.com/lodash.isarray/-/lodash.isarray-3.0.4.tgz#79e4eb88c36a8122af86f844aa9bcd851b5fbb55"

lodash.isequal@^4.2.0:
  version "4.4.0"
  resolved "https://registry.yarnpkg.com/lodash.isequal/-/lodash.isequal-4.4.0.tgz#6295768e98e14dc15ce8d362ef6340db82852031"

lodash.isplainobject@^3.0.0, lodash.isplainobject@^3.2.0:
  version "3.2.0"
  resolved "https://registry.yarnpkg.com/lodash.isplainobject/-/lodash.isplainobject-3.2.0.tgz#9a8238ae16b200432960cd7346512d0123fbf4c5"
  dependencies:
    lodash._basefor "^3.0.0"
    lodash.isarguments "^3.0.0"
    lodash.keysin "^3.0.0"

lodash.istypedarray@^3.0.0:
  version "3.0.6"
  resolved "https://registry.yarnpkg.com/lodash.istypedarray/-/lodash.istypedarray-3.0.6.tgz#c9a477498607501d8e8494d283b87c39281cef62"

lodash.keys@^3.0.0:
  version "3.1.2"
  resolved "https://registry.yarnpkg.com/lodash.keys/-/lodash.keys-3.1.2.tgz#4dbc0472b156be50a0b286855d1bd0b0c656098a"
  dependencies:
    lodash._getnative "^3.0.0"
    lodash.isarguments "^3.0.0"
    lodash.isarray "^3.0.0"

lodash.keysin@^3.0.0:
  version "3.0.8"
  resolved "https://registry.yarnpkg.com/lodash.keysin/-/lodash.keysin-3.0.8.tgz#22c4493ebbedb1427962a54b445b2c8a767fb47f"
  dependencies:
    lodash.isarguments "^3.0.0"
    lodash.isarray "^3.0.0"

lodash.merge@^3.3.2:
  version "3.3.2"
  resolved "https://registry.yarnpkg.com/lodash.merge/-/lodash.merge-3.3.2.tgz#0d90d93ed637b1878437bb3e21601260d7afe994"
  dependencies:
    lodash._arraycopy "^3.0.0"
    lodash._arrayeach "^3.0.0"
    lodash._createassigner "^3.0.0"
    lodash._getnative "^3.0.0"
    lodash.isarguments "^3.0.0"
    lodash.isarray "^3.0.0"
    lodash.isplainobject "^3.0.0"
    lodash.istypedarray "^3.0.0"
    lodash.keys "^3.0.0"
    lodash.keysin "^3.0.0"
    lodash.toplainobject "^3.0.0"

lodash.pairs@^3.0.0:
  version "3.0.1"
  resolved "https://registry.yarnpkg.com/lodash.pairs/-/lodash.pairs-3.0.1.tgz#bbe08d5786eeeaa09a15c91ebf0dcb7d2be326a9"
  dependencies:
    lodash.keys "^3.0.0"

lodash.restparam@^3.0.0:
  version "3.6.1"
  resolved "https://registry.yarnpkg.com/lodash.restparam/-/lodash.restparam-3.6.1.tgz#936a4e309ef330a7645ed4145986c85ae5b20805"

lodash.toplainobject@^3.0.0:
  version "3.0.0"
  resolved "https://registry.yarnpkg.com/lodash.toplainobject/-/lodash.toplainobject-3.0.0.tgz#28790ad942d293d78aa663a07ecf7f52ca04198d"
  dependencies:
    lodash._basecopy "^3.0.0"
    lodash.keysin "^3.0.0"

lodash@^4.15.0:
  version "4.16.4"
  resolved "https://registry.yarnpkg.com/lodash/-/lodash-4.16.4.tgz#01ce306b9bad1319f2a5528674f88297aeb70127"

mime@^1.2.11:
  version "1.3.4"
  resolved "https://registry.yarnpkg.com/mime/-/mime-1.3.4.tgz#115f9e3b6b3daf2959983cb38f149a2d40eb5d53"

mimeparse@^0.1.4:
  version "0.1.4"
  resolved "https://registry.yarnpkg.com/mimeparse/-/mimeparse-0.1.4.tgz#dafb02752370fd226093ae3152c271af01ac254a"

"minimatch@2 || 3":
  version "3.0.3"
  resolved "https://registry.yarnpkg.com/minimatch/-/minimatch-3.0.3.tgz#2a4e4090b96b2db06a9d7df01055a62a77c9b774"
  dependencies:
    brace-expansion "^1.0.0"

object-assign@^4.0.1, object-assign@^4.1.0:
  version "4.1.0"
  resolved "https://registry.yarnpkg.com/object-assign/-/object-assign-4.1.0.tgz#7a3b3d0e98063d43f4c03f2e8ae6cd51a86883a0"

once@^1.3.0:
  version "1.4.0"
  resolved "https://registry.yarnpkg.com/once/-/once-1.4.0.tgz#583b1aa775961d4b113ac17d9c50baef9dd76bd1"
  dependencies:
    wrappy "1"

path-is-absolute@^1.0.0:
  version "1.0.1"
  resolved "https://registry.yarnpkg.com/path-is-absolute/-/path-is-absolute-1.0.1.tgz#174b9268735534ffbc7ace6bf53a5a9e1b5c5f5f"

pify@^2.0.0:
  version "2.3.0"
  resolved "https://registry.yarnpkg.com/pify/-/pify-2.3.0.tgz#ed141a6ac043a849ea588498e7dca8b15330e90c"

pinkie-promise@^2.0.0:
  version "2.0.1"
  resolved "https://registry.yarnpkg.com/pinkie-promise/-/pinkie-promise-2.0.1.tgz#2135d6dfa7a358c069ac9b178776288228450ffa"
  dependencies:
    pinkie "^2.0.0"

pinkie@^2.0.0:
  version "2.0.4"
  resolved "https://registry.yarnpkg.com/pinkie/-/pinkie-2.0.4.tgz#72556b80cfa0d48a974e80e77248e80ed4f7f870"

q-io@1.13.2:
  version "1.13.2"
  resolved "https://registry.yarnpkg.com/q-io/-/q-io-1.13.2.tgz#eea130d481ddb5e1aa1bc5a66855f7391d06f003"
  dependencies:
    collections "^0.2.0"
    mime "^1.2.11"
    mimeparse "^0.1.4"
    q "^1.0.1"
    qs "^1.2.1"
    url2 "^0.0.0"

q@^1.0.1, q@1.4.1:
  version "1.4.1"
  resolved "https://registry.yarnpkg.com/q/-/q-1.4.1.tgz#55705bcd93c5f3673530c2c2cbc0c2b3addc286e"

qs@^1.2.1:
  version "1.2.2"
  resolved "https://registry.yarnpkg.com/qs/-/qs-1.2.2.tgz#19b57ff24dc2a99ce1f8bdf6afcda59f8ef61f88"

url2@^0.0.0:
  version "0.0.0"
  resolved "https://registry.yarnpkg.com/url2/-/url2-0.0.0.tgz#4eaabd1d5c3ac90d62ab4485c998422865a04b1a"

vue-router@^2.0.0:
  version "2.0.1"
  resolved "https://registry.yarnpkg.com/vue-router/-/vue-router-2.0.1.tgz#88b83cdc9497bad5b20b579e847a7e7240e221dd"

vue@^2.0.1:
  version "2.0.3"
  resolved "https://registry.yarnpkg.com/vue/-/vue-2.0.3.tgz#3f7698f83d6ad1f0e35955447901672876c63fde"

vuex@^2.0.0:
  version "2.0.0"
  resolved "https://registry.yarnpkg.com/vuex/-/vuex-2.0.0.tgz#26befa44de220f009e432d1027487bff29571cee"

weak-map@1.0.0:
  version "1.0.0"
  resolved "https://registry.yarnpkg.com/weak-map/-/weak-map-1.0.0.tgz#b66e56a9df0bd25a76bbf1b514db129080614a37"

webpack-merge:
  version "0.15.0"
  resolved "https://registry.yarnpkg.com/webpack-merge/-/webpack-merge-0.15.0.tgz#f6a930516d5eccba0baabeb30ea96b6a6737c193"
  dependencies:
    lodash.find "^3.2.1"
    lodash.isequal "^4.2.0"
    lodash.isplainobject "^3.2.0"
    lodash.merge "^3.3.2"

wrappy@1:
  version "1.0.2"
  resolved "https://registry.yarnpkg.com/wrappy/-/wrappy-1.0.2.tgz#b5243d8f3ec1aa35f1364605bc0d1036e30ab69f"

wrench@1.5.8:
  version "1.5.8"
  resolved "https://registry.yarnpkg.com/wrench/-/wrench-1.5.8.tgz#7a31c97f7869246d76c5cf2f5c977a1c4c8e5ab5"

